
Microsoft Visual Studio Solution File, Format Version 12.00
# Visual Studio 15
VisualStudioVersion = 15.0.26730.16
MinimumVisualStudioVersion = 10.0.40219.1
Project("{FAE04EC0-301F-11D3-BF4B-00C04F79EFBC}") = "MyAspNetApp", "MyAspNetApp\MyAspNetApp.csproj", "{0E617AC9-0A53-4D79-9FA7-9D45A157BC2E}"
EndProject
Global
	GlobalSection(SolutionConfigurationPlatforms) = preSolution
		Debug|Any CPU = Debug|Any CPU
		Release|Any CPU = Release|Any CPU
	EndGlobalSection
	GlobalSection(ProjectConfigurationPlatforms) = postSolution
		{0E617AC9-0A53-4D79-9FA7-9D45A157BC2E}.Debug|Any CPU.ActiveCfg = Debug|Any CPU
		{0E617AC9-0A53-4D79-9FA7-9D45A157BC2E}.Debug|Any CPU.Build.0 = Debug|Any CPU
		{0E617AC9-0A53-4D79-9FA7-9D45A157BC2E}.Release|Any CPU.ActiveCfg = Release|Any CPU
		{0E617AC9-0A53-4D79-9FA7-9D45A157BC2E}.Release|Any CPU.Build.0 = Release|Any CPU
	EndGlobalSection
	GlobalSection(SolutionProperties) = preSolution
		HideSolutionNode = FALSE
	EndGlobalSection
	GlobalSection(ExtensibilityGlobals) = postSolution
		SolutionGuid = {FE86F904-74F5-4999-99CF-D12D1EE685C5}
	EndGlobalSection
EndGlobal
